// !$*UTF8*$!
{
	archiveVersion = 1;
	classes = {
	};
	objectVersion = 46;
	objects = {

/* Begin PBXBuildFile section */
		734D62E917C2507400727888 /* UIKit.framework in Frameworks */ = {isa = PBXBuildFile; fileRef = 734D62E817C2507400727888 /* UIKit.framework */; };
		734D62F317C2507400727888 /* InfoPlist.strings in Resources */ = {isa = PBXBuildFile; fileRef = 734D62F117C2507400727888 /* InfoPlist.strings */; };
		734D62F517C2507400727888 /* main.m in Sources */ = {isa = PBXBuildFile; fileRef = 734D62F417C2507400727888 /* main.m */; };
		734D62FB17C2507400727888 /* Default.png in Resources */ = {isa = PBXBuildFile; fileRef = 734D62FA17C2507400727888 /* Default.png */; };
		734D62FD17C2507400727888 /* Default@2x.png in Resources */ = {isa = PBXBuildFile; fileRef = 734D62FC17C2507400727888 /* Default@2x.png */; };
		734D62FF17C2507400727888 /* Default-568h@2x.png in Resources */ = {isa = PBXBuildFile; fileRef = 734D62FE17C2507400727888 /* Default-568h@2x.png */; };
		734D631017C250CE00727888 /* TSAppDelegate.m in Sources */ = {isa = PBXBuildFile; fileRef = 734D630F17C250CE00727888 /* TSAppDelegate.m */; };
		73D5764717C4C99900F42D04 /* TSViewController.m in Sources */ = {isa = PBXBuildFile; fileRef = 73D5764517C4C99900F42D04 /* TSViewController.m */; };
		73D5764817C4C99900F42D04 /* TSViewController.xib in Resources */ = {isa = PBXBuildFile; fileRef = 73D5764617C4C99900F42D04 /* TSViewController.xib */; };
		73D5764C17C4C9B200F42D04 /* TSMainViewController.m in Sources */ = {isa = PBXBuildFile; fileRef = 73D5764A17C4C9B200F42D04 /* TSMainViewController.m */; };
		73D5764D17C4C9B200F42D04 /* TSMainViewController.xib in Resources */ = {isa = PBXBuildFile; fileRef = 73D5764B17C4C9B200F42D04 /* TSMainViewController.xib */; };
		B60E66B417C90E9D001FD7B2 /* Twitter.framework in Frameworks */ = {isa = PBXBuildFile; fileRef = B60E66B317C90E9D001FD7B2 /* Twitter.framework */; };
		B60E66B617C90EC2001FD7B2 /* libxml2.dylib in Frameworks */ = {isa = PBXBuildFile; fileRef = B60E66B517C90EC2001FD7B2 /* libxml2.dylib */; };
		B60E66B717C90F21001FD7B2 /* Foundation.framework in Frameworks */ = {isa = PBXBuildFile; fileRef = 734D62EA17C2507400727888 /* Foundation.framework */; };
		B60E66B817C90F34001FD7B2 /* CoreGraphics.framework in Frameworks */ = {isa = PBXBuildFile; fileRef = 734D62EC17C2507400727888 /* CoreGraphics.framework */; };
		B61F963917CF5D5200A6C1F0 /* OAConsumer.h in Resources */ = {isa = PBXBuildFile; fileRef = B61F963817CF5D5200A6C1F0 /* OAConsumer.h */; };
		B620CB8F17C4CB0100DAAA6D /* TSTimeLineViewController.m in Sources */ = {isa = PBXBuildFile; fileRef = B620CB8D17C4CB0100DAAA6D /* TSTimeLineViewController.m */; };
		B620CB9017C4CB0100DAAA6D /* TSTimeLineViewController.xib in Resources */ = {isa = PBXBuildFile; fileRef = B620CB8E17C4CB0100DAAA6D /* TSTimeLineViewController.xib */; };
		B6908BB317CB9EDE00EEEDD5 /* SA_OAuthTwitterController.h in Resources */ = {isa = PBXBuildFile; fileRef = B60E671A17CA02FC001FD7B2 /* SA_OAuthTwitterController.h */; };
		B6908BB417CB9EEA00EEEDD5 /* SA_OAuthTwitterEngine.h in Resources */ = {isa = PBXBuildFile; fileRef = B60E671C17CA02FC001FD7B2 /* SA_OAuthTwitterEngine.h */; };
		B6908BB617CB9F9B00EEEDD5 /* SA_OAuthTwitterController.m in Sources */ = {isa = PBXBuildFile; fileRef = B60E671B17CA02FC001FD7B2 /* SA_OAuthTwitterController.m */; };
		B6908BB817CB9FA200EEEDD5 /* twitter_load.png in Resources */ = {isa = PBXBuildFile; fileRef = B60E671E17CA02FC001FD7B2 /* twitter_load.png */; };
		B6908BBA17CB9FF800EEEDD5 /* NSString+UUID.m in Resources */ = {isa = PBXBuildFile; fileRef = B60E671817CA02FC001FD7B2 /* NSString+UUID.m */; };
		B6908BBB17CBA00A00EEEDD5 /* MGTwitterEngine.h in Resources */ = {isa = PBXBuildFile; fileRef = B60E66F917CA02FC001FD7B2 /* MGTwitterEngine.h */; };
		B6908BBC17CBA00A00EEEDD5 /* MGTwitterEngine.m in Resources */ = {isa = PBXBuildFile; fileRef = B60E66FA17CA02FC001FD7B2 /* MGTwitterEngine.m */; };
		B6908BBD17CBA00A00EEEDD5 /* MGTwitterEngineDelegate.h in Resources */ = {isa = PBXBuildFile; fileRef = B60E66FB17CA02FC001FD7B2 /* MGTwitterEngineDelegate.h */; };
		B6908BBE17CBA00A00EEEDD5 /* MGTwitterEngineGlobalHeader.h in Resources */ = {isa = PBXBuildFile; fileRef = B60E66FC17CA02FC001FD7B2 /* MGTwitterEngineGlobalHeader.h */; };
		B6908BBF17CBA00A00EEEDD5 /* MGTwitterHTTPURLConnection.h in Resources */ = {isa = PBXBuildFile; fileRef = B60E66FD17CA02FC001FD7B2 /* MGTwitterHTTPURLConnection.h */; };
		B6908BC017CBA00A00EEEDD5 /* MGTwitterHTTPURLConnection.m in Resources */ = {isa = PBXBuildFile; fileRef = B60E66FE17CA02FC001FD7B2 /* MGTwitterHTTPURLConnection.m */; };
		B6908BC117CBA00A00EEEDD5 /* MGTwitterLibXMLParser.h in Resources */ = {isa = PBXBuildFile; fileRef = B60E66FF17CA02FC001FD7B2 /* MGTwitterLibXMLParser.h */; };
		B6908BC217CBA00A00EEEDD5 /* MGTwitterLibXMLParser.m in Resources */ = {isa = PBXBuildFile; fileRef = B60E670017CA02FC001FD7B2 /* MGTwitterLibXMLParser.m */; };
		B6908BC317CBA00A00EEEDD5 /* MGTwitterMessagesLibXMLParser.h in Resources */ = {isa = PBXBuildFile; fileRef = B60E670117CA02FC001FD7B2 /* MGTwitterMessagesLibXMLParser.h */; };
		B6908BC417CBA00A00EEEDD5 /* MGTwitterMessagesLibXMLParser.m in Resources */ = {isa = PBXBuildFile; fileRef = B60E670217CA02FC001FD7B2 /* MGTwitterMessagesLibXMLParser.m */; };
		B6908BC517CBA00A00EEEDD5 /* MGTwitterMessagesParser.h in Resources */ = {isa = PBXBuildFile; fileRef = B60E670317CA02FC001FD7B2 /* MGTwitterMessagesParser.h */; };
		B6908BC617CBA00A00EEEDD5 /* MGTwitterMessagesParser.m in Resources */ = {isa = PBXBuildFile; fileRef = B60E670417CA02FC001FD7B2 /* MGTwitterMessagesParser.m */; };
		B6908BC717CBA00A00EEEDD5 /* MGTwitterMiscLibXMLParser.h in Resources */ = {isa = PBXBuildFile; fileRef = B60E670517CA02FC001FD7B2 /* MGTwitterMiscLibXMLParser.h */; };
		B6908BC817CBA00A00EEEDD5 /* MGTwitterMiscLibXMLParser.m in Resources */ = {isa = PBXBuildFile; fileRef = B60E670617CA02FC001FD7B2 /* MGTwitterMiscLibXMLParser.m */; };
		B6908BC917CBA00A00EEEDD5 /* MGTwitterMiscParser.h in Resources */ = {isa = PBXBuildFile; fileRef = B60E670717CA02FC001FD7B2 /* MGTwitterMiscParser.h */; };
		B6908BCA17CBA00A00EEEDD5 /* MGTwitterMiscParser.m in Resources */ = {isa = PBXBuildFile; fileRef = B60E670817CA02FC001FD7B2 /* MGTwitterMiscParser.m */; };
		B6908BCB17CBA00A00EEEDD5 /* MGTwitterParserDelegate.h in Resources */ = {isa = PBXBuildFile; fileRef = B60E670917CA02FC001FD7B2 /* MGTwitterParserDelegate.h */; };
		B6908BCC17CBA00A00EEEDD5 /* MGTwitterRequestTypes.h in Resources */ = {isa = PBXBuildFile; fileRef = B60E670A17CA02FC001FD7B2 /* MGTwitterRequestTypes.h */; };
		B6908BCD17CBA00A00EEEDD5 /* MGTwitterStatusesLibXMLParser.h in Resources */ = {isa = PBXBuildFile; fileRef = B60E670B17CA02FC001FD7B2 /* MGTwitterStatusesLibXMLParser.h */; };
		B6908BCE17CBA00A00EEEDD5 /* MGTwitterStatusesLibXMLParser.m in Resources */ = {isa = PBXBuildFile; fileRef = B60E670C17CA02FC001FD7B2 /* MGTwitterStatusesLibXMLParser.m */; };
		B6908BCF17CBA00A00EEEDD5 /* MGTwitterStatusesParser.h in Resources */ = {isa = PBXBuildFile; fileRef = B60E670D17CA02FC001FD7B2 /* MGTwitterStatusesParser.h */; };
		B6908BD017CBA00A00EEEDD5 /* MGTwitterStatusesParser.m in Resources */ = {isa = PBXBuildFile; fileRef = B60E670E17CA02FC001FD7B2 /* MGTwitterStatusesParser.m */; };
		B6908BD117CBA00A00EEEDD5 /* MGTwitterUsersLibXMLParser.h in Resources */ = {isa = PBXBuildFile; fileRef = B60E670F17CA02FC001FD7B2 /* MGTwitterUsersLibXMLParser.h */; };
		B6908BD217CBA00A00EEEDD5 /* MGTwitterUsersLibXMLParser.m in Resources */ = {isa = PBXBuildFile; fileRef = B60E671017CA02FC001FD7B2 /* MGTwitterUsersLibXMLParser.m */; };
		B6908BD317CBA00A00EEEDD5 /* MGTwitterUsersParser.h in Resources */ = {isa = PBXBuildFile; fileRef = B60E671117CA02FC001FD7B2 /* MGTwitterUsersParser.h */; };
		B6908BD417CBA00A00EEEDD5 /* MGTwitterUsersParser.m in Resources */ = {isa = PBXBuildFile; fileRef = B60E671217CA02FC001FD7B2 /* MGTwitterUsersParser.m */; };
		B6908BD517CBA00A00EEEDD5 /* MGTwitterXMLParser.h in Resources */ = {isa = PBXBuildFile; fileRef = B60E671317CA02FC001FD7B2 /* MGTwitterXMLParser.h */; };
		B6908BD617CBA00A00EEEDD5 /* MGTwitterXMLParser.m in Resources */ = {isa = PBXBuildFile; fileRef = B60E671417CA02FC001FD7B2 /* MGTwitterXMLParser.m */; };
		B6908BD717CBA00A00EEEDD5 /* NSData+Base64.h in Resources */ = {isa = PBXBuildFile; fileRef = B60E671517CA02FC001FD7B2 /* NSData+Base64.h */; };
		B6908BD817CBA00A00EEEDD5 /* NSData+Base64.m in Resources */ = {isa = PBXBuildFile; fileRef = B60E671617CA02FC001FD7B2 /* NSData+Base64.m */; };
		B6908BD917CBA00A00EEEDD5 /* NSString+UUID.h in Resources */ = {isa = PBXBuildFile; fileRef = B60E671717CA02FC001FD7B2 /* NSString+UUID.h */; };
		B6908BDA17CBA01800EEEDD5 /* NSMutableURLRequest+Parameters.h in Resources */ = {isa = PBXBuildFile; fileRef = B60E66E917CA02FC001FD7B2 /* NSMutableURLRequest+Parameters.h */; };
		B6908BDB17CBA01800EEEDD5 /* NSString+URLEncoding.h in Resources */ = {isa = PBXBuildFile; fileRef = B60E66EA17CA02FC001FD7B2 /* NSString+URLEncoding.h */; };
		B6908BDC17CBA01800EEEDD5 /* NSURL+Base.h in Resources */ = {isa = PBXBuildFile; fileRef = B60E66EB17CA02FC001FD7B2 /* NSURL+Base.h */; };
		B6908BDD17CBA01800EEEDD5 /* OAAsynchronousDataFetcher.h in Resources */ = {isa = PBXBuildFile; fileRef = B60E66EC17CA02FC001FD7B2 /* OAAsynchronousDataFetcher.h */; };
		B6908BDF17CBA01800EEEDD5 /* OADataFetcher.h in Resources */ = {isa = PBXBuildFile; fileRef = B60E66EE17CA02FC001FD7B2 /* OADataFetcher.h */; };
		B6908BE017CBA01800EEEDD5 /* OAHMAC_SHA1SignatureProvider.h in Resources */ = {isa = PBXBuildFile; fileRef = B60E66EF17CA02FC001FD7B2 /* OAHMAC_SHA1SignatureProvider.h */; };
		B6908BE117CBA01800EEEDD5 /* OAMutableURLRequest.h in Resources */ = {isa = PBXBuildFile; fileRef = B60E66F017CA02FC001FD7B2 /* OAMutableURLRequest.h */; };
		B6908BE217CBA01800EEEDD5 /* OAPlaintextSignatureProvider.h in Resources */ = {isa = PBXBuildFile; fileRef = B60E66F117CA02FC001FD7B2 /* OAPlaintextSignatureProvider.h */; };
		B6908BE317CBA01800EEEDD5 /* OARequestParameter.h in Resources */ = {isa = PBXBuildFile; fileRef = B60E66F217CA02FC001FD7B2 /* OARequestParameter.h */; };
		B6908BE417CBA01800EEEDD5 /* OAServiceTicket.h in Resources */ = {isa = PBXBuildFile; fileRef = B60E66F317CA02FC001FD7B2 /* OAServiceTicket.h */; };
		B6908BE517CBA01800EEEDD5 /* OASignatureProviding.h in Resources */ = {isa = PBXBuildFile; fileRef = B60E66F417CA02FC001FD7B2 /* OASignatureProviding.h */; };
		B6908BE617CBA01800EEEDD5 /* OAToken.h in Resources */ = {isa = PBXBuildFile; fileRef = B60E66F517CA02FC001FD7B2 /* OAToken.h */; };
		B6908BE817CBA01800EEEDD5 /* OAuthConsumer.h in Resources */ = {isa = PBXBuildFile; fileRef = B60E66F717CA02FC001FD7B2 /* OAuthConsumer.h */; };
		B6908BE917CBA04C00EEEDD5 /* SA_OAuthTwitterEngine.m in Sources */ = {isa = PBXBuildFile; fileRef = B60E671D17CA02FC001FD7B2 /* SA_OAuthTwitterEngine.m */; };
		B6908BEC17CBA1AB00EEEDD5 /* OAConsumer.m in Sources */ = {isa = PBXBuildFile; fileRef = B6908BEA17CBA1AB00EEEDD5 /* OAConsumer.m */; };
		B6908BED17CBA1AB00EEEDD5 /* OADataFetcher.m in Sources */ = {isa = PBXBuildFile; fileRef = B6908BEB17CBA1AB00EEEDD5 /* OADataFetcher.m */; };
		B6908BF517CBA1C800EEEDD5 /* OAHMAC_SHA1SignatureProvider.m in Sources */ = {isa = PBXBuildFile; fileRef = B6908BEE17CBA1C700EEEDD5 /* OAHMAC_SHA1SignatureProvider.m */; };
		B6908BF617CBA1C800EEEDD5 /* OAMutableURLRequest.m in Sources */ = {isa = PBXBuildFile; fileRef = B6908BEF17CBA1C700EEEDD5 /* OAMutableURLRequest.m */; };
		B6908BF717CBA1C800EEEDD5 /* OAPlaintextSignatureProvider.m in Sources */ = {isa = PBXBuildFile; fileRef = B6908BF017CBA1C700EEEDD5 /* OAPlaintextSignatureProvider.m */; };
		B6908BF817CBA1C800EEEDD5 /* OARequestParameter.m in Sources */ = {isa = PBXBuildFile; fileRef = B6908BF117CBA1C700EEEDD5 /* OARequestParameter.m */; };
		B6908BF917CBA1C800EEEDD5 /* OAServiceTicket.m in Sources */ = {isa = PBXBuildFile; fileRef = B6908BF217CBA1C800EEEDD5 /* OAServiceTicket.m */; };
		B6908BFB17CBA1C800EEEDD5 /* OAToken.m in Sources */ = {isa = PBXBuildFile; fileRef = B6908BF417CBA1C800EEEDD5 /* OAToken.m */; };
		B6908BFC17CBA20500EEEDD5 /* OAConsumer.m in Resources */ = {isa = PBXBuildFile; fileRef = B6908BEA17CBA1AB00EEEDD5 /* OAConsumer.m */; };
		B6908BFD17CBA20500EEEDD5 /* OADataFetcher.m in Resources */ = {isa = PBXBuildFile; fileRef = B6908BEB17CBA1AB00EEEDD5 /* OADataFetcher.m */; };
		B6908BFE17CBA20500EEEDD5 /* OAHMAC_SHA1SignatureProvider.m in Resources */ = {isa = PBXBuildFile; fileRef = B6908BEE17CBA1C700EEEDD5 /* OAHMAC_SHA1SignatureProvider.m */; };
		B6908BFF17CBA20500EEEDD5 /* OAMutableURLRequest.m in Resources */ = {isa = PBXBuildFile; fileRef = B6908BEF17CBA1C700EEEDD5 /* OAMutableURLRequest.m */; };
		B6908C0017CBA20500EEEDD5 /* OAPlaintextSignatureProvider.m in Resources */ = {isa = PBXBuildFile; fileRef = B6908BF017CBA1C700EEEDD5 /* OAPlaintextSignatureProvider.m */; };
		B6908C0117CBA20500EEEDD5 /* OARequestParameter.m in Resources */ = {isa = PBXBuildFile; fileRef = B6908BF117CBA1C700EEEDD5 /* OARequestParameter.m */; };
		B6908C0217CBA20500EEEDD5 /* OAServiceTicket.m in Resources */ = {isa = PBXBuildFile; fileRef = B6908BF217CBA1C800EEEDD5 /* OAServiceTicket.m */; };
		B6B1FE9717C66B7700D13F0E /* TSProfileViewController.m in Sources */ = {isa = PBXBuildFile; fileRef = B6B1FE9517C66B7700D13F0E /* TSProfileViewController.m */; };
		B6B1FE9817C66B7700D13F0E /* TSProfileViewController.xib in Resources */ = {isa = PBXBuildFile; fileRef = B6B1FE9617C66B7700D13F0E /* TSProfileViewController.xib */; };
		B6ED8EE717CE52EB003E09C2 /* Base64Transcoder.c in Resources */ = {isa = PBXBuildFile; fileRef = B6ED8EE117CE52EB003E09C2 /* Base64Transcoder.c */; };
		B6ED8EE817CE52EB003E09C2 /* Base64Transcoder.h in Resources */ = {isa = PBXBuildFile; fileRef = B6ED8EE217CE52EB003E09C2 /* Base64Transcoder.h */; };
		B6ED8EE917CE52EB003E09C2 /* hmac.c in Resources */ = {isa = PBXBuildFile; fileRef = B6ED8EE317CE52EB003E09C2 /* hmac.c */; };
		B6ED8EEA17CE52EB003E09C2 /* hmac.h in Resources */ = {isa = PBXBuildFile; fileRef = B6ED8EE417CE52EB003E09C2 /* hmac.h */; };
		B6ED8EEB17CE52EB003E09C2 /* sha1.c in Resources */ = {isa = PBXBuildFile; fileRef = B6ED8EE517CE52EB003E09C2 /* sha1.c */; };
		B6ED8EEC17CE52EB003E09C2 /* sha1.h in Resources */ = {isa = PBXBuildFile; fileRef = B6ED8EE617CE52EB003E09C2 /* sha1.h */; };
		B6ED8EEE17CE5776003E09C2 /* Base64Transcoder.c in Sources */ = {isa = PBXBuildFile; fileRef = B6ED8EE117CE52EB003E09C2 /* Base64Transcoder.c */; };
		B6ED8EF017CE5797003E09C2 /* MGTwitterEngine.m in Sources */ = {isa = PBXBuildFile; fileRef = B60E66FA17CA02FC001FD7B2 /* MGTwitterEngine.m */; };
		B6ED8EF117CE57BC003E09C2 /* MGTwitterHTTPURLConnection.m in Sources */ = {isa = PBXBuildFile; fileRef = B60E66FE17CA02FC001FD7B2 /* MGTwitterHTTPURLConnection.m */; };
		B6ED8EF417CE5839003E09C2 /* MGTwitterUsersParser.m in Sources */ = {isa = PBXBuildFile; fileRef = B60E671217CA02FC001FD7B2 /* MGTwitterUsersParser.m */; };
		B6ED8EF617CE58C6003E09C2 /* NSString+URLEncoding.m in Sources */ = {isa = PBXBuildFile; fileRef = B6F1818017CCB91E00EE6514 /* NSString+URLEncoding.m */; };
		B6ED8EF717CE58C6003E09C2 /* NSURL+Base.m in Sources */ = {isa = PBXBuildFile; fileRef = B6F1818117CCB91E00EE6514 /* NSURL+Base.m */; };
		B6ED8EF817CE58E8003E09C2 /* MGTwitterLibXMLParser.m in Sources */ = {isa = PBXBuildFile; fileRef = B60E670017CA02FC001FD7B2 /* MGTwitterLibXMLParser.m */; };
		B6ED8EF917CE58E8003E09C2 /* MGTwitterMessagesLibXMLParser.m in Sources */ = {isa = PBXBuildFile; fileRef = B60E670217CA02FC001FD7B2 /* MGTwitterMessagesLibXMLParser.m */; };
		B6ED8EFA17CE58E8003E09C2 /* MGTwitterMessagesParser.m in Sources */ = {isa = PBXBuildFile; fileRef = B60E670417CA02FC001FD7B2 /* MGTwitterMessagesParser.m */; };
		B6ED8EFB17CE58E8003E09C2 /* MGTwitterMiscLibXMLParser.m in Sources */ = {isa = PBXBuildFile; fileRef = B60E670617CA02FC001FD7B2 /* MGTwitterMiscLibXMLParser.m */; };
		B6ED8EFC17CE58E8003E09C2 /* MGTwitterMiscParser.m in Sources */ = {isa = PBXBuildFile; fileRef = B60E670817CA02FC001FD7B2 /* MGTwitterMiscParser.m */; };
		B6ED8EFD17CE58E8003E09C2 /* MGTwitterStatusesLibXMLParser.m in Sources */ = {isa = PBXBuildFile; fileRef = B60E670C17CA02FC001FD7B2 /* MGTwitterStatusesLibXMLParser.m */; };
		B6ED8EFE17CE58E8003E09C2 /* MGTwitterStatusesParser.m in Sources */ = {isa = PBXBuildFile; fileRef = B60E670E17CA02FC001FD7B2 /* MGTwitterStatusesParser.m */; };
		B6ED8EFF17CE58E8003E09C2 /* MGTwitterUsersLibXMLParser.m in Sources */ = {isa = PBXBuildFile; fileRef = B60E671017CA02FC001FD7B2 /* MGTwitterUsersLibXMLParser.m */; };
		B6ED8F0017CE58E8003E09C2 /* MGTwitterXMLParser.m in Sources */ = {isa = PBXBuildFile; fileRef = B60E671417CA02FC001FD7B2 /* MGTwitterXMLParser.m */; };
		B6ED8F0117CE58E8003E09C2 /* NSData+Base64.m in Sources */ = {isa = PBXBuildFile; fileRef = B60E671617CA02FC001FD7B2 /* NSData+Base64.m */; };
		B6ED8F0217CE58E8003E09C2 /* NSString+UUID.m in Sources */ = {isa = PBXBuildFile; fileRef = B60E671817CA02FC001FD7B2 /* NSString+UUID.m */; };
		B6ED8F0317CE58FB003E09C2 /* hmac.c in Sources */ = {isa = PBXBuildFile; fileRef = B6ED8EE317CE52EB003E09C2 /* hmac.c */; };
		B6ED8F0417CE590E003E09C2 /* sha1.c in Sources */ = {isa = PBXBuildFile; fileRef = B6ED8EE517CE52EB003E09C2 /* sha1.c */; };
		B6F1818317CCB91E00EE6514 /* NSMutableURLRequest+Parameters.m in Resources */ = {isa = PBXBuildFile; fileRef = B6F1817F17CCB91E00EE6514 /* NSMutableURLRequest+Parameters.m */; };
		B6F1818417CCB91E00EE6514 /* NSString+URLEncoding.m in Resources */ = {isa = PBXBuildFile; fileRef = B6F1818017CCB91E00EE6514 /* NSString+URLEncoding.m */; };
		B6F1818517CCB91E00EE6514 /* NSURL+Base.m in Resources */ = {isa = PBXBuildFile; fileRef = B6F1818117CCB91E00EE6514 /* NSURL+Base.m */; };
		B6F1818617CCB91E00EE6514 /* OAuthConsumer.h in Resources */ = {isa = PBXBuildFile; fileRef = B6F1818217CCB91E00EE6514 /* OAuthConsumer.h */; };
/* End PBXBuildFile section */

/* Begin PBXFileReference section */
		734D62E517C2507400727888 /* TwitterSample.app */ = {isa = PBXFileReference; explicitFileType = wrapper.application; includeInIndex = 0; path = TwitterSample.app; sourceTree = BUILT_PRODUCTS_DIR; };
		734D62E817C2507400727888 /* UIKit.framework */ = {isa = PBXFileReference; lastKnownFileType = wrapper.framework; name = UIKit.framework; path = System/Library/Frameworks/UIKit.framework; sourceTree = SDKROOT; };
		734D62EA17C2507400727888 /* Foundation.framework */ = {isa = PBXFileReference; lastKnownFileType = wrapper.framework; name = Foundation.framework; path = System/Library/Frameworks/Foundation.framework; sourceTree = SDKROOT; };
		734D62EC17C2507400727888 /* CoreGraphics.framework */ = {isa = PBXFileReference; lastKnownFileType = wrapper.framework; name = CoreGraphics.framework; path = System/Library/Frameworks/CoreGraphics.framework; sourceTree = SDKROOT; };
		734D62F017C2507400727888 /* TwitterSample-Info.plist */ = {isa = PBXFileReference; lastKnownFileType = text.plist.xml; path = "TwitterSample-Info.plist"; sourceTree = "<group>"; };
		734D62F217C2507400727888 /* en */ = {isa = PBXFileReference; lastKnownFileType = text.plist.strings; name = en; path = en.lproj/InfoPlist.strings; sourceTree = "<group>"; };
		734D62F417C2507400727888 /* main.m */ = {isa = PBXFileReference; lastKnownFileType = sourcecode.c.objc; path = main.m; sourceTree = "<group>"; };
		734D62F617C2507400727888 /* TwitterSample-Prefix.pch */ = {isa = PBXFileReference; lastKnownFileType = sourcecode.c.h; path = "TwitterSample-Prefix.pch"; sourceTree = "<group>"; };
		734D62FA17C2507400727888 /* Default.png */ = {isa = PBXFileReference; lastKnownFileType = image.png; path = Default.png; sourceTree = "<group>"; };
		734D62FC17C2507400727888 /* Default@2x.png */ = {isa = PBXFileReference; lastKnownFileType = image.png; path = "Default@2x.png"; sourceTree = "<group>"; };
		734D62FE17C2507400727888 /* Default-568h@2x.png */ = {isa = PBXFileReference; lastKnownFileType = image.png; path = "Default-568h@2x.png"; sourceTree = "<group>"; };
		734D630E17C250CE00727888 /* TSAppDelegate.h */ = {isa = PBXFileReference; fileEncoding = 4; lastKnownFileType = sourcecode.c.h; path = TSAppDelegate.h; sourceTree = "<group>"; };
		734D630F17C250CE00727888 /* TSAppDelegate.m */ = {isa = PBXFileReference; fileEncoding = 4; lastKnownFileType = sourcecode.c.objc; path = TSAppDelegate.m; sourceTree = "<group>"; };
		73D5764417C4C99900F42D04 /* TSViewController.h */ = {isa = PBXFileReference; fileEncoding = 4; lastKnownFileType = sourcecode.c.h; path = TSViewController.h; sourceTree = "<group>"; };
		73D5764517C4C99900F42D04 /* TSViewController.m */ = {isa = PBXFileReference; fileEncoding = 4; lastKnownFileType = sourcecode.c.objc; path = TSViewController.m; sourceTree = "<group>"; };
		73D5764617C4C99900F42D04 /* TSViewController.xib */ = {isa = PBXFileReference; fileEncoding = 4; lastKnownFileType = file.xib; path = TSViewController.xib; sourceTree = "<group>"; };
		73D5764917C4C9B200F42D04 /* TSMainViewController.h */ = {isa = PBXFileReference; fileEncoding = 4; lastKnownFileType = sourcecode.c.h; path = TSMainViewController.h; sourceTree = "<group>"; };
		73D5764A17C4C9B200F42D04 /* TSMainViewController.m */ = {isa = PBXFileReference; fileEncoding = 4; lastKnownFileType = sourcecode.c.objc; path = TSMainViewController.m; sourceTree = "<group>"; };
		73D5764B17C4C9B200F42D04 /* TSMainViewController.xib */ = {isa = PBXFileReference; fileEncoding = 4; lastKnownFileType = file.xib; path = TSMainViewController.xib; sourceTree = "<group>"; };
		B60E66B317C90E9D001FD7B2 /* Twitter.framework */ = {isa = PBXFileReference; lastKnownFileType = wrapper.framework; name = Twitter.framework; path = System/Library/Frameworks/Twitter.framework; sourceTree = SDKROOT; };
		B60E66B517C90EC2001FD7B2 /* libxml2.dylib */ = {isa = PBXFileReference; lastKnownFileType = "compiled.mach-o.dylib"; name = libxml2.dylib; path = usr/lib/libxml2.dylib; sourceTree = SDKROOT; };
		B60E66E517CA02FC001FD7B2 /* jQueryInject.txt */ = {isa = PBXFileReference; lastKnownFileType = text; path = jQueryInject.txt; sourceTree = "<group>"; };
		B60E66E617CA02FC001FD7B2 /* jQueryInjectLandscape.txt */ = {isa = PBXFileReference; lastKnownFileType = text; path = jQueryInjectLandscape.txt; sourceTree = "<group>"; };
		B60E66E717CA02FC001FD7B2 /* libOAuth.a */ = {isa = PBXFileReference; lastKnownFileType = archive.ar; path = libOAuth.a; sourceTree = "<group>"; };
		B60E66E917CA02FC001FD7B2 /* NSMutableURLRequest+Parameters.h */ = {isa = PBXFileReference; lastKnownFileType = sourcecode.c.h; path = "NSMutableURLRequest+Parameters.h"; sourceTree = "<group>"; };
		B60E66EA17CA02FC001FD7B2 /* NSString+URLEncoding.h */ = {isa = PBXFileReference; lastKnownFileType = sourcecode.c.h; path = "NSString+URLEncoding.h"; sourceTree = "<group>"; };
		B60E66EB17CA02FC001FD7B2 /* NSURL+Base.h */ = {isa = PBXFileReference; lastKnownFileType = sourcecode.c.h; path = "NSURL+Base.h"; sourceTree = "<group>"; };
		B60E66EC17CA02FC001FD7B2 /* OAAsynchronousDataFetcher.h */ = {isa = PBXFileReference; lastKnownFileType = sourcecode.c.h; path = OAAsynchronousDataFetcher.h; sourceTree = "<group>"; };
		B60E66EE17CA02FC001FD7B2 /* OADataFetcher.h */ = {isa = PBXFileReference; lastKnownFileType = sourcecode.c.h; path = OADataFetcher.h; sourceTree = "<group>"; };
		B60E66EF17CA02FC001FD7B2 /* OAHMAC_SHA1SignatureProvider.h */ = {isa = PBXFileReference; lastKnownFileType = sourcecode.c.h; path = OAHMAC_SHA1SignatureProvider.h; sourceTree = "<group>"; };
		B60E66F017CA02FC001FD7B2 /* OAMutableURLRequest.h */ = {isa = PBXFileReference; lastKnownFileType = sourcecode.c.h; path = OAMutableURLRequest.h; sourceTree = "<group>"; };
		B60E66F117CA02FC001FD7B2 /* OAPlaintextSignatureProvider.h */ = {isa = PBXFileReference; lastKnownFileType = sourcecode.c.h; path = OAPlaintextSignatureProvider.h; sourceTree = "<group>"; };
		B60E66F217CA02FC001FD7B2 /* OARequestParameter.h */ = {isa = PBXFileReference; lastKnownFileType = sourcecode.c.h; path = OARequestParameter.h; sourceTree = "<group>"; };
		B60E66F317CA02FC001FD7B2 /* OAServiceTicket.h */ = {isa = PBXFileReference; lastKnownFileType = sourcecode.c.h; path = OAServiceTicket.h; sourceTree = "<group>"; };
		B60E66F417CA02FC001FD7B2 /* OASignatureProviding.h */ = {isa = PBXFileReference; lastKnownFileType = sourcecode.c.h; path = OASignatureProviding.h; sourceTree = "<group>"; };
		B60E66F517CA02FC001FD7B2 /* OAToken.h */ = {isa = PBXFileReference; lastKnownFileType = sourcecode.c.h; path = OAToken.h; sourceTree = "<group>"; };
		B60E66F717CA02FC001FD7B2 /* OAuthConsumer.h */ = {isa = PBXFileReference; lastKnownFileType = sourcecode.c.h; path = OAuthConsumer.h; sourceTree = "<group>"; };
		B60E66F917CA02FC001FD7B2 /* MGTwitterEngine.h */ = {isa = PBXFileReference; lastKnownFileType = sourcecode.c.h; path = MGTwitterEngine.h; sourceTree = "<group>"; };
		B60E66FA17CA02FC001FD7B2 /* MGTwitterEngine.m */ = {isa = PBXFileReference; lastKnownFileType = sourcecode.c.objc; path = MGTwitterEngine.m; sourceTree = "<group>"; };
		B60E66FB17CA02FC001FD7B2 /* MGTwitterEngineDelegate.h */ = {isa = PBXFileReference; lastKnownFileType = sourcecode.c.h; path = MGTwitterEngineDelegate.h; sourceTree = "<group>"; };
		B60E66FC17CA02FC001FD7B2 /* MGTwitterEngineGlobalHeader.h */ = {isa = PBXFileReference; lastKnownFileType = sourcecode.c.h; path = MGTwitterEngineGlobalHeader.h; sourceTree = "<group>"; };
		B60E66FD17CA02FC001FD7B2 /* MGTwitterHTTPURLConnection.h */ = {isa = PBXFileReference; lastKnownFileType = sourcecode.c.h; path = MGTwitterHTTPURLConnection.h; sourceTree = "<group>"; };
		B60E66FE17CA02FC001FD7B2 /* MGTwitterHTTPURLConnection.m */ = {isa = PBXFileReference; lastKnownFileType = sourcecode.c.objc; path = MGTwitterHTTPURLConnection.m; sourceTree = "<group>"; };
		B60E66FF17CA02FC001FD7B2 /* MGTwitterLibXMLParser.h */ = {isa = PBXFileReference; lastKnownFileType = sourcecode.c.h; path = MGTwitterLibXMLParser.h; sourceTree = "<group>"; };
		B60E670017CA02FC001FD7B2 /* MGTwitterLibXMLParser.m */ = {isa = PBXFileReference; lastKnownFileType = sourcecode.c.objc; path = MGTwitterLibXMLParser.m; sourceTree = "<group>"; };
		B60E670117CA02FC001FD7B2 /* MGTwitterMessagesLibXMLParser.h */ = {isa = PBXFileReference; lastKnownFileType = sourcecode.c.h; path = MGTwitterMessagesLibXMLParser.h; sourceTree = "<group>"; };
		B60E670217CA02FC001FD7B2 /* MGTwitterMessagesLibXMLParser.m */ = {isa = PBXFileReference; lastKnownFileType = sourcecode.c.objc; path = MGTwitterMessagesLibXMLParser.m; sourceTree = "<group>"; };
		B60E670317CA02FC001FD7B2 /* MGTwitterMessagesParser.h */ = {isa = PBXFileReference; lastKnownFileType = sourcecode.c.h; path = MGTwitterMessagesParser.h; sourceTree = "<group>"; };
		B60E670417CA02FC001FD7B2 /* MGTwitterMessagesParser.m */ = {isa = PBXFileReference; lastKnownFileType = sourcecode.c.objc; path = MGTwitterMessagesParser.m; sourceTree = "<group>"; };
		B60E670517CA02FC001FD7B2 /* MGTwitterMiscLibXMLParser.h */ = {isa = PBXFileReference; lastKnownFileType = sourcecode.c.h; path = MGTwitterMiscLibXMLParser.h; sourceTree = "<group>"; };
		B60E670617CA02FC001FD7B2 /* MGTwitterMiscLibXMLParser.m */ = {isa = PBXFileReference; lastKnownFileType = sourcecode.c.objc; path = MGTwitterMiscLibXMLParser.m; sourceTree = "<group>"; };
		B60E670717CA02FC001FD7B2 /* MGTwitterMiscParser.h */ = {isa = PBXFileReference; lastKnownFileType = sourcecode.c.h; path = MGTwitterMiscParser.h; sourceTree = "<group>"; };
		B60E670817CA02FC001FD7B2 /* MGTwitterMiscParser.m */ = {isa = PBXFileReference; lastKnownFileType = sourcecode.c.objc; path = MGTwitterMiscParser.m; sourceTree = "<group>"; };
		B60E670917CA02FC001FD7B2 /* MGTwitterParserDelegate.h */ = {isa = PBXFileReference; lastKnownFileType = sourcecode.c.h; path = MGTwitterParserDelegate.h; sourceTree = "<group>"; };
		B60E670A17CA02FC001FD7B2 /* MGTwitterRequestTypes.h */ = {isa = PBXFileReference; lastKnownFileType = sourcecode.c.h; path = MGTwitterRequestTypes.h; sourceTree = "<group>"; };
		B60E670B17CA02FC001FD7B2 /* MGTwitterStatusesLibXMLParser.h */ = {isa = PBXFileReference; lastKnownFileType = sourcecode.c.h; path = MGTwitterStatusesLibXMLParser.h; sourceTree = "<group>"; };
		B60E670C17CA02FC001FD7B2 /* MGTwitterStatusesLibXMLParser.m */ = {isa = PBXFileReference; lastKnownFileType = sourcecode.c.objc; path = MGTwitterStatusesLibXMLParser.m; sourceTree = "<group>"; };
		B60E670D17CA02FC001FD7B2 /* MGTwitterStatusesParser.h */ = {isa = PBXFileReference; lastKnownFileType = sourcecode.c.h; path = MGTwitterStatusesParser.h; sourceTree = "<group>"; };
		B60E670E17CA02FC001FD7B2 /* MGTwitterStatusesParser.m */ = {isa = PBXFileReference; lastKnownFileType = sourcecode.c.objc; path = MGTwitterStatusesParser.m; sourceTree = "<group>"; };
		B60E670F17CA02FC001FD7B2 /* MGTwitterUsersLibXMLParser.h */ = {isa = PBXFileReference; lastKnownFileType = sourcecode.c.h; path = MGTwitterUsersLibXMLParser.h; sourceTree = "<group>"; };
		B60E671017CA02FC001FD7B2 /* MGTwitterUsersLibXMLParser.m */ = {isa = PBXFileReference; lastKnownFileType = sourcecode.c.objc; path = MGTwitterUsersLibXMLParser.m; sourceTree = "<group>"; };
		B60E671117CA02FC001FD7B2 /* MGTwitterUsersParser.h */ = {isa = PBXFileReference; lastKnownFileType = sourcecode.c.h; path = MGTwitterUsersParser.h; sourceTree = "<group>"; };
		B60E671217CA02FC001FD7B2 /* MGTwitterUsersParser.m */ = {isa = PBXFileReference; lastKnownFileType = sourcecode.c.objc; path = MGTwitterUsersParser.m; sourceTree = "<group>"; };
		B60E671317CA02FC001FD7B2 /* MGTwitterXMLParser.h */ = {isa = PBXFileReference; lastKnownFileType = sourcecode.c.h; path = MGTwitterXMLParser.h; sourceTree = "<group>"; };
		B60E671417CA02FC001FD7B2 /* MGTwitterXMLParser.m */ = {isa = PBXFileReference; lastKnownFileType = sourcecode.c.objc; path = MGTwitterXMLParser.m; sourceTree = "<group>"; };
		B60E671517CA02FC001FD7B2 /* NSData+Base64.h */ = {isa = PBXFileReference; lastKnownFileType = sourcecode.c.h; path = "NSData+Base64.h"; sourceTree = "<group>"; };
		B60E671617CA02FC001FD7B2 /* NSData+Base64.m */ = {isa = PBXFileReference; lastKnownFileType = sourcecode.c.objc; path = "NSData+Base64.m"; sourceTree = "<group>"; };
		B60E671717CA02FC001FD7B2 /* NSString+UUID.h */ = {isa = PBXFileReference; lastKnownFileType = sourcecode.c.h; path = "NSString+UUID.h"; sourceTree = "<group>"; };
		B60E671817CA02FC001FD7B2 /* NSString+UUID.m */ = {isa = PBXFileReference; lastKnownFileType = sourcecode.c.objc; path = "NSString+UUID.m"; sourceTree = "<group>"; };
		B60E671A17CA02FC001FD7B2 /* SA_OAuthTwitterController.h */ = {isa = PBXFileReference; lastKnownFileType = sourcecode.c.h; path = SA_OAuthTwitterController.h; sourceTree = "<group>"; };
		B60E671B17CA02FC001FD7B2 /* SA_OAuthTwitterController.m */ = {isa = PBXFileReference; lastKnownFileType = sourcecode.c.objc; path = SA_OAuthTwitterController.m; sourceTree = "<group>"; };
		B60E671C17CA02FC001FD7B2 /* SA_OAuthTwitterEngine.h */ = {isa = PBXFileReference; lastKnownFileType = sourcecode.c.h; path = SA_OAuthTwitterEngine.h; sourceTree = "<group>"; };
		B60E671D17CA02FC001FD7B2 /* SA_OAuthTwitterEngine.m */ = {isa = PBXFileReference; lastKnownFileType = sourcecode.c.objc; path = SA_OAuthTwitterEngine.m; sourceTree = "<group>"; };
		B60E671E17CA02FC001FD7B2 /* twitter_load.png */ = {isa = PBXFileReference; lastKnownFileType = image.png; path = twitter_load.png; sourceTree = "<group>"; };
		B61F963817CF5D5200A6C1F0 /* OAConsumer.h */ = {isa = PBXFileReference; lastKnownFileType = sourcecode.c.h; path = OAConsumer.h; sourceTree = "<group>"; };
		B620CB8C17C4CB0100DAAA6D /* TSTimeLineViewController.h */ = {isa = PBXFileReference; fileEncoding = 4; lastKnownFileType = sourcecode.c.h; path = TSTimeLineViewController.h; sourceTree = "<group>"; };
		B620CB8D17C4CB0100DAAA6D /* TSTimeLineViewController.m */ = {isa = PBXFileReference; fileEncoding = 4; lastKnownFileType = sourcecode.c.objc; path = TSTimeLineViewController.m; sourceTree = "<group>"; };
		B620CB8E17C4CB0100DAAA6D /* TSTimeLineViewController.xib */ = {isa = PBXFileReference; fileEncoding = 4; lastKnownFileType = file.xib; path = TSTimeLineViewController.xib; sourceTree = "<group>"; };
		B6908BEA17CBA1AB00EEEDD5 /* OAConsumer.m */ = {isa = PBXFileReference; fileEncoding = 4; lastKnownFileType = sourcecode.c.objc; path = OAConsumer.m; sourceTree = "<group>"; };
		B6908BEB17CBA1AB00EEEDD5 /* OADataFetcher.m */ = {isa = PBXFileReference; fileEncoding = 4; lastKnownFileType = sourcecode.c.objc; path = OADataFetcher.m; sourceTree = "<group>"; };
		B6908BEE17CBA1C700EEEDD5 /* OAHMAC_SHA1SignatureProvider.m */ = {isa = PBXFileReference; fileEncoding = 4; lastKnownFileType = sourcecode.c.objc; path = OAHMAC_SHA1SignatureProvider.m; sourceTree = "<group>"; };
		B6908BEF17CBA1C700EEEDD5 /* OAMutableURLRequest.m */ = {isa = PBXFileReference; fileEncoding = 4; lastKnownFileType = sourcecode.c.objc; path = OAMutableURLRequest.m; sourceTree = "<group>"; };
		B6908BF017CBA1C700EEEDD5 /* OAPlaintextSignatureProvider.m */ = {isa = PBXFileReference; fileEncoding = 4; lastKnownFileType = sourcecode.c.objc; path = OAPlaintextSignatureProvider.m; sourceTree = "<group>"; };
		B6908BF117CBA1C700EEEDD5 /* OARequestParameter.m */ = {isa = PBXFileReference; fileEncoding = 4; lastKnownFileType = sourcecode.c.objc; path = OARequestParameter.m; sourceTree = "<group>"; };
		B6908BF217CBA1C800EEEDD5 /* OAServiceTicket.m */ = {isa = PBXFileReference; fileEncoding = 4; lastKnownFileType = sourcecode.c.objc; path = OAServiceTicket.m; sourceTree = "<group>"; };
		B6908BF417CBA1C800EEEDD5 /* OAToken.m */ = {isa = PBXFileReference; fileEncoding = 4; lastKnownFileType = sourcecode.c.objc; path = OAToken.m; sourceTree = "<group>"; };
		B6B1FE9417C66B7700D13F0E /* TSProfileViewController.h */ = {isa = PBXFileReference; fileEncoding = 4; lastKnownFileType = sourcecode.c.h; path = TSProfileViewController.h; sourceTree = "<group>"; };
		B6B1FE9517C66B7700D13F0E /* TSProfileViewController.m */ = {isa = PBXFileReference; fileEncoding = 4; lastKnownFileType = sourcecode.c.objc; path = TSProfileViewController.m; sourceTree = "<group>"; };
		B6B1FE9617C66B7700D13F0E /* TSProfileViewController.xib */ = {isa = PBXFileReference; fileEncoding = 4; lastKnownFileType = file.xib; path = TSProfileViewController.xib; sourceTree = "<group>"; };
		B6ED8EE117CE52EB003E09C2 /* Base64Transcoder.c */ = {isa = PBXFileReference; lastKnownFileType = sourcecode.c.c; name = Base64Transcoder.c; path = Crypto/Base64Transcoder.c; sourceTree = "<group>"; };
		B6ED8EE217CE52EB003E09C2 /* Base64Transcoder.h */ = {isa = PBXFileReference; lastKnownFileType = sourcecode.c.h; name = Base64Transcoder.h; path = Crypto/Base64Transcoder.h; sourceTree = "<group>"; };
		B6ED8EE317CE52EB003E09C2 /* hmac.c */ = {isa = PBXFileReference; lastKnownFileType = sourcecode.c.c; name = hmac.c; path = Crypto/hmac.c; sourceTree = "<group>"; };
		B6ED8EE417CE52EB003E09C2 /* hmac.h */ = {isa = PBXFileReference; lastKnownFileType = sourcecode.c.h; name = hmac.h; path = Crypto/hmac.h; sourceTree = "<group>"; };
		B6ED8EE517CE52EB003E09C2 /* sha1.c */ = {isa = PBXFileReference; lastKnownFileType = sourcecode.c.c; name = sha1.c; path = Crypto/sha1.c; sourceTree = "<group>"; };
		B6ED8EE617CE52EB003E09C2 /* sha1.h */ = {isa = PBXFileReference; lastKnownFileType = sourcecode.c.h; name = sha1.h; path = Crypto/sha1.h; sourceTree = "<group>"; };
		B6F1817F17CCB91E00EE6514 /* NSMutableURLRequest+Parameters.m */ = {isa = PBXFileReference; lastKnownFileType = sourcecode.c.objc; path = "NSMutableURLRequest+Parameters.m"; sourceTree = "<group>"; };
		B6F1818017CCB91E00EE6514 /* NSString+URLEncoding.m */ = {isa = PBXFileReference; lastKnownFileType = sourcecode.c.objc; path = "NSString+URLEncoding.m"; sourceTree = "<group>"; };
		B6F1818117CCB91E00EE6514 /* NSURL+Base.m */ = {isa = PBXFileReference; lastKnownFileType = sourcecode.c.objc; path = "NSURL+Base.m"; sourceTree = "<group>"; };
		B6F1818217CCB91E00EE6514 /* OAuthConsumer.h */ = {isa = PBXFileReference; lastKnownFileType = sourcecode.c.h; path = OAuthConsumer.h; sourceTree = "<group>"; };
/* End PBXFileReference section */

/* Begin PBXFrameworksBuildPhase section */
		734D62E217C2507400727888 /* Frameworks */ = {
			isa = PBXFrameworksBuildPhase;
			buildActionMask = 2147483647;
			files = (
				B60E66B817C90F34001FD7B2 /* CoreGraphics.framework in Frameworks */,
				B60E66B717C90F21001FD7B2 /* Foundation.framework in Frameworks */,
				B60E66B617C90EC2001FD7B2 /* libxml2.dylib in Frameworks */,
				B60E66B417C90E9D001FD7B2 /* Twitter.framework in Frameworks */,
				734D62E917C2507400727888 /* UIKit.framework in Frameworks */,
			);
			runOnlyForDeploymentPostprocessing = 0;
		};
/* End PBXFrameworksBuildPhase section */

/* Begin PBXGroup section */
		734D62DC17C2507400727888 = {
			isa = PBXGroup;
			children = (
				734D62EE17C2507400727888 /* TwitterSample */,
				734D62E717C2507400727888 /* Frameworks */,
				734D62E617C2507400727888 /* Products */,
			);
			sourceTree = "<group>";
		};
		734D62E617C2507400727888 /* Products */ = {
			isa = PBXGroup;
			children = (
				734D62E517C2507400727888 /* TwitterSample.app */,
			);
			name = Products;
			sourceTree = "<group>";
		};
		734D62E717C2507400727888 /* Frameworks */ = {
			isa = PBXGroup;
			children = (
				B60E66B517C90EC2001FD7B2 /* libxml2.dylib */,
				B60E66B317C90E9D001FD7B2 /* Twitter.framework */,
				734D62E817C2507400727888 /* UIKit.framework */,
				734D62EA17C2507400727888 /* Foundation.framework */,
				734D62EC17C2507400727888 /* CoreGraphics.framework */,
			);
			name = Frameworks;
			sourceTree = "<group>";
		};
		734D62EE17C2507400727888 /* TwitterSample */ = {
			isa = PBXGroup;
			children = (
				B6ADD7DD17CA5662004B0CE5 /* Liblary */,
				734D630B17C2507D00727888 /* Classes */,
				734D62EF17C2507400727888 /* Supporting Files */,
			);
			path = TwitterSample;
			sourceTree = "<group>";
		};
		734D62EF17C2507400727888 /* Supporting Files */ = {
			isa = PBXGroup;
			children = (
				734D62F017C2507400727888 /* TwitterSample-Info.plist */,
				734D62F117C2507400727888 /* InfoPlist.strings */,
				734D62F417C2507400727888 /* main.m */,
				734D62F617C2507400727888 /* TwitterSample-Prefix.pch */,
				734D62FA17C2507400727888 /* Default.png */,
				734D62FC17C2507400727888 /* Default@2x.png */,
				734D62FE17C2507400727888 /* Default-568h@2x.png */,
			);
			name = "Supporting Files";
			sourceTree = "<group>";
		};
		734D630B17C2507D00727888 /* Classes */ = {
			isa = PBXGroup;
			children = (
				73D5764117C4C97200F42D04 /* Views */,
				734D630C17C2509E00727888 /* Common */,
			);
			path = Classes;
			sourceTree = "<group>";
		};
		734D630C17C2509E00727888 /* Common */ = {
			isa = PBXGroup;
			children = (
				734D630E17C250CE00727888 /* TSAppDelegate.h */,
				734D630F17C250CE00727888 /* TSAppDelegate.m */,
			);
			path = Common;
			sourceTree = "<group>";
		};
		73D5764117C4C97200F42D04 /* Views */ = {
			isa = PBXGroup;
			children = (
				73D5764317C4C99900F42D04 /* Top */,
				73D5764217C4C99900F42D04 /* Main */,
			);
			path = Views;
			sourceTree = "<group>";
		};
		73D5764217C4C99900F42D04 /* Main */ = {
			isa = PBXGroup;
			children = (
				B6B1FE8E17C66B0600D13F0E /* Profile */,
				B620CB8B17C4CA6A00DAAA6D /* TimeLine */,
				73D5764917C4C9B200F42D04 /* TSMainViewController.h */,
				73D5764A17C4C9B200F42D04 /* TSMainViewController.m */,
				73D5764B17C4C9B200F42D04 /* TSMainViewController.xib */,
			);
			path = Main;
			sourceTree = "<group>";
		};
		73D5764317C4C99900F42D04 /* Top */ = {
			isa = PBXGroup;
			children = (
				73D5764417C4C99900F42D04 /* TSViewController.h */,
				73D5764517C4C99900F42D04 /* TSViewController.m */,
				73D5764617C4C99900F42D04 /* TSViewController.xib */,
			);
			path = Top;
			sourceTree = "<group>";
		};
		B60E66E317CA02FB001FD7B2 /* Twitter+OAuth */ = {
			isa = PBXGroup;
			children = (
				B60E66E417CA02FC001FD7B2 /* Libraries & Headers */,
				B60E66F817CA02FC001FD7B2 /* MGTwitterEngine */,
				B60E671917CA02FC001FD7B2 /* SAOAuthTwitterEngine */,
			);
			name = "Twitter+OAuth";
			path = "../Twitter+OAuth";
			sourceTree = "<group>";
		};
		B60E66E417CA02FC001FD7B2 /* Libraries & Headers */ = {
			isa = PBXGroup;
			children = (
				B60E66E517CA02FC001FD7B2 /* jQueryInject.txt */,
				B60E66E617CA02FC001FD7B2 /* jQueryInjectLandscape.txt */,
				B60E66E717CA02FC001FD7B2 /* libOAuth.a */,
				B60E66E817CA02FC001FD7B2 /* OAuthConsumer */,
			);
			path = "Libraries & Headers";
			sourceTree = "<group>";
		};
		B60E66E817CA02FC001FD7B2 /* OAuthConsumer */ = {
			isa = PBXGroup;
			children = (
				B6ED8EED17CE52F7003E09C2 /* Crypto */,
				B60E66E917CA02FC001FD7B2 /* NSMutableURLRequest+Parameters.h */,
				B6F1817F17CCB91E00EE6514 /* NSMutableURLRequest+Parameters.m */,
				B60E66EA17CA02FC001FD7B2 /* NSString+URLEncoding.h */,
				B6F1818017CCB91E00EE6514 /* NSString+URLEncoding.m */,
				B60E66EB17CA02FC001FD7B2 /* NSURL+Base.h */,
				B6F1818117CCB91E00EE6514 /* NSURL+Base.m */,
				B6F1818217CCB91E00EE6514 /* OAuthConsumer.h */,
				B60E66EC17CA02FC001FD7B2 /* OAAsynchronousDataFetcher.h */,
				B61F963817CF5D5200A6C1F0 /* OAConsumer.h */,
				B6908BEA17CBA1AB00EEEDD5 /* OAConsumer.m */,
				B60E66EE17CA02FC001FD7B2 /* OADataFetcher.h */,
				B6908BEB17CBA1AB00EEEDD5 /* OADataFetcher.m */,
				B60E66EF17CA02FC001FD7B2 /* OAHMAC_SHA1SignatureProvider.h */,
				B6908BEE17CBA1C700EEEDD5 /* OAHMAC_SHA1SignatureProvider.m */,
				B60E66F017CA02FC001FD7B2 /* OAMutableURLRequest.h */,
				B6908BEF17CBA1C700EEEDD5 /* OAMutableURLRequest.m */,
				B60E66F117CA02FC001FD7B2 /* OAPlaintextSignatureProvider.h */,
				B6908BF017CBA1C700EEEDD5 /* OAPlaintextSignatureProvider.m */,
				B60E66F217CA02FC001FD7B2 /* OARequestParameter.h */,
				B6908BF117CBA1C700EEEDD5 /* OARequestParameter.m */,
				B60E66F317CA02FC001FD7B2 /* OAServiceTicket.h */,
				B6908BF217CBA1C800EEEDD5 /* OAServiceTicket.m */,
				B60E66F417CA02FC001FD7B2 /* OASignatureProviding.h */,
				B60E66F517CA02FC001FD7B2 /* OAToken.h */,
				B6908BF417CBA1C800EEEDD5 /* OAToken.m */,
				B60E66F717CA02FC001FD7B2 /* OAuthConsumer.h */,
			);
			path = OAuthConsumer;
			sourceTree = "<group>";
		};
		B60E66F817CA02FC001FD7B2 /* MGTwitterEngine */ = {
			isa = PBXGroup;
			children = (
				B60E66F917CA02FC001FD7B2 /* MGTwitterEngine.h */,
				B60E66FA17CA02FC001FD7B2 /* MGTwitterEngine.m */,
				B60E66FB17CA02FC001FD7B2 /* MGTwitterEngineDelegate.h */,
				B60E66FC17CA02FC001FD7B2 /* MGTwitterEngineGlobalHeader.h */,
				B60E66FD17CA02FC001FD7B2 /* MGTwitterHTTPURLConnection.h */,
				B60E66FE17CA02FC001FD7B2 /* MGTwitterHTTPURLConnection.m */,
				B60E66FF17CA02FC001FD7B2 /* MGTwitterLibXMLParser.h */,
				B60E670017CA02FC001FD7B2 /* MGTwitterLibXMLParser.m */,
				B60E670117CA02FC001FD7B2 /* MGTwitterMessagesLibXMLParser.h */,
				B60E670217CA02FC001FD7B2 /* MGTwitterMessagesLibXMLParser.m */,
				B60E670317CA02FC001FD7B2 /* MGTwitterMessagesParser.h */,
				B60E670417CA02FC001FD7B2 /* MGTwitterMessagesParser.m */,
				B60E670517CA02FC001FD7B2 /* MGTwitterMiscLibXMLParser.h */,
				B60E670617CA02FC001FD7B2 /* MGTwitterMiscLibXMLParser.m */,
				B60E670717CA02FC001FD7B2 /* MGTwitterMiscParser.h */,
				B60E670817CA02FC001FD7B2 /* MGTwitterMiscParser.m */,
				B60E670917CA02FC001FD7B2 /* MGTwitterParserDelegate.h */,
				B60E670A17CA02FC001FD7B2 /* MGTwitterRequestTypes.h */,
				B60E670B17CA02FC001FD7B2 /* MGTwitterStatusesLibXMLParser.h */,
				B60E670C17CA02FC001FD7B2 /* MGTwitterStatusesLibXMLParser.m */,
				B60E670D17CA02FC001FD7B2 /* MGTwitterStatusesParser.h */,
				B60E670E17CA02FC001FD7B2 /* MGTwitterStatusesParser.m */,
				B60E670F17CA02FC001FD7B2 /* MGTwitterUsersLibXMLParser.h */,
				B60E671017CA02FC001FD7B2 /* MGTwitterUsersLibXMLParser.m */,
				B60E671117CA02FC001FD7B2 /* MGTwitterUsersParser.h */,
				B60E671217CA02FC001FD7B2 /* MGTwitterUsersParser.m */,
				B60E671317CA02FC001FD7B2 /* MGTwitterXMLParser.h */,
				B60E671417CA02FC001FD7B2 /* MGTwitterXMLParser.m */,
				B60E671517CA02FC001FD7B2 /* NSData+Base64.h */,
				B60E671617CA02FC001FD7B2 /* NSData+Base64.m */,
				B60E671717CA02FC001FD7B2 /* NSString+UUID.h */,
				B60E671817CA02FC001FD7B2 /* NSString+UUID.m */,
			);
			path = MGTwitterEngine;
			sourceTree = "<group>";
		};
		B60E671917CA02FC001FD7B2 /* SAOAuthTwitterEngine */ = {
			isa = PBXGroup;
			children = (
				B60E671A17CA02FC001FD7B2 /* SA_OAuthTwitterController.h */,
				B60E671B17CA02FC001FD7B2 /* SA_OAuthTwitterController.m */,
				B60E671C17CA02FC001FD7B2 /* SA_OAuthTwitterEngine.h */,
				B60E671D17CA02FC001FD7B2 /* SA_OAuthTwitterEngine.m */,
				B60E671E17CA02FC001FD7B2 /* twitter_load.png */,
			);
			path = SAOAuthTwitterEngine;
			sourceTree = "<group>";
		};
		B620CB8B17C4CA6A00DAAA6D /* TimeLine */ = {
			isa = PBXGroup;
			children = (
				B620CB8C17C4CB0100DAAA6D /* TSTimeLineViewController.h */,
				B620CB8D17C4CB0100DAAA6D /* TSTimeLineViewController.m */,
				B620CB8E17C4CB0100DAAA6D /* TSTimeLineViewController.xib */,
			);
			path = TimeLine;
			sourceTree = "<group>";
		};
		B6ADD7DD17CA5662004B0CE5 /* Liblary */ = {
			isa = PBXGroup;
			children = (
				B60E66E317CA02FB001FD7B2 /* Twitter+OAuth */,
			);
			name = Liblary;
			path = "LIbrary/Twitter+OAuth";
			sourceTree = "<group>";
		};
		B6B1FE8E17C66B0600D13F0E /* Profile */ = {
			isa = PBXGroup;
			children = (
				B6B1FE9417C66B7700D13F0E /* TSProfileViewController.h */,
				B6B1FE9517C66B7700D13F0E /* TSProfileViewController.m */,
				B6B1FE9617C66B7700D13F0E /* TSProfileViewController.xib */,
			);
			path = Profile;
			sourceTree = "<group>";
		};
		B6ED8EED17CE52F7003E09C2 /* Crypto */ = {
			isa = PBXGroup;
			children = (
				B6ED8EE117CE52EB003E09C2 /* Base64Transcoder.c */,
				B6ED8EE217CE52EB003E09C2 /* Base64Transcoder.h */,
				B6ED8EE317CE52EB003E09C2 /* hmac.c */,
				B6ED8EE417CE52EB003E09C2 /* hmac.h */,
				B6ED8EE517CE52EB003E09C2 /* sha1.c */,
				B6ED8EE617CE52EB003E09C2 /* sha1.h */,
			);
			name = Crypto;
			sourceTree = "<group>";
		};
/* End PBXGroup section */

/* Begin PBXNativeTarget section */
		734D62E417C2507400727888 /* TwitterSample */ = {
			isa = PBXNativeTarget;
			buildConfigurationList = 734D630817C2507400727888 /* Build configuration list for PBXNativeTarget "TwitterSample" */;
			buildPhases = (
				734D62E117C2507400727888 /* Sources */,
				734D62E217C2507400727888 /* Frameworks */,
				734D62E317C2507400727888 /* Resources */,
			);
			buildRules = (
			);
			dependencies = (
			);
			name = TwitterSample;
			productName = TwitterSample;
			productReference = 734D62E517C2507400727888 /* TwitterSample.app */;
			productType = "com.apple.product-type.application";
		};
/* End PBXNativeTarget section */

/* Begin PBXProject section */
		734D62DD17C2507400727888 /* Project object */ = {
			isa = PBXProject;
			attributes = {
				CLASSPREFIX = TS;
				LastUpgradeCheck = 0460;
				ORGANIZATIONNAME = "Kohei Tabata";
			};
			buildConfigurationList = 734D62E017C2507400727888 /* Build configuration list for PBXProject "TwitterSample" */;
			compatibilityVersion = "Xcode 3.2";
			developmentRegion = English;
			hasScannedForEncodings = 0;
			knownRegions = (
				en,
			);
			mainGroup = 734D62DC17C2507400727888;
			productRefGroup = 734D62E617C2507400727888 /* Products */;
			projectDirPath = "";
			projectRoot = "";
			targets = (
				734D62E417C2507400727888 /* TwitterSample */,
			);
		};
/* End PBXProject section */

/* Begin PBXResourcesBuildPhase section */
		734D62E317C2507400727888 /* Resources */ = {
			isa = PBXResourcesBuildPhase;
			buildActionMask = 2147483647;
			files = (
				B61F963917CF5D5200A6C1F0 /* OAConsumer.h in Resources */,
				B6ED8EE717CE52EB003E09C2 /* Base64Transcoder.c in Resources */,
				B6ED8EE817CE52EB003E09C2 /* Base64Transcoder.h in Resources */,
				B6ED8EE917CE52EB003E09C2 /* hmac.c in Resources */,
				B6ED8EEA17CE52EB003E09C2 /* hmac.h in Resources */,
				B6ED8EEB17CE52EB003E09C2 /* sha1.c in Resources */,
				B6ED8EEC17CE52EB003E09C2 /* sha1.h in Resources */,
				B6F1818317CCB91E00EE6514 /* NSMutableURLRequest+Parameters.m in Resources */,
				B6F1818417CCB91E00EE6514 /* NSString+URLEncoding.m in Resources */,
				B6F1818517CCB91E00EE6514 /* NSURL+Base.m in Resources */,
				B6F1818617CCB91E00EE6514 /* OAuthConsumer.h in Resources */,
				B6908BFC17CBA20500EEEDD5 /* OAConsumer.m in Resources */,
				B6908BFD17CBA20500EEEDD5 /* OADataFetcher.m in Resources */,
				B6908BFE17CBA20500EEEDD5 /* OAHMAC_SHA1SignatureProvider.m in Resources */,
				B6908BFF17CBA20500EEEDD5 /* OAMutableURLRequest.m in Resources */,
				B6908C0017CBA20500EEEDD5 /* OAPlaintextSignatureProvider.m in Resources */,
				B6908C0117CBA20500EEEDD5 /* OARequestParameter.m in Resources */,
				B6908C0217CBA20500EEEDD5 /* OAServiceTicket.m in Resources */,
				B6908BDA17CBA01800EEEDD5 /* NSMutableURLRequest+Parameters.h in Resources */,
				B6908BDB17CBA01800EEEDD5 /* NSString+URLEncoding.h in Resources */,
				B6908BDC17CBA01800EEEDD5 /* NSURL+Base.h in Resources */,
				B6908BDD17CBA01800EEEDD5 /* OAAsynchronousDataFetcher.h in Resources */,
				B6908BDF17CBA01800EEEDD5 /* OADataFetcher.h in Resources */,
				B6908BE017CBA01800EEEDD5 /* OAHMAC_SHA1SignatureProvider.h in Resources */,
				B6908BE117CBA01800EEEDD5 /* OAMutableURLRequest.h in Resources */,
				B6908BE217CBA01800EEEDD5 /* OAPlaintextSignatureProvider.h in Resources */,
				B6908BE317CBA01800EEEDD5 /* OARequestParameter.h in Resources */,
				B6908BE417CBA01800EEEDD5 /* OAServiceTicket.h in Resources */,
				B6908BE517CBA01800EEEDD5 /* OASignatureProviding.h in Resources */,
				B6908BE617CBA01800EEEDD5 /* OAToken.h in Resources */,
				B6908BE817CBA01800EEEDD5 /* OAuthConsumer.h in Resources */,
				B6908BBB17CBA00A00EEEDD5 /* MGTwitterEngine.h in Resources */,
				B6908BBC17CBA00A00EEEDD5 /* MGTwitterEngine.m in Resources */,
				B6908BBD17CBA00A00EEEDD5 /* MGTwitterEngineDelegate.h in Resources */,
				B6908BBE17CBA00A00EEEDD5 /* MGTwitterEngineGlobalHeader.h in Resources */,
				B6908BBF17CBA00A00EEEDD5 /* MGTwitterHTTPURLConnection.h in Resources */,
				B6908BC017CBA00A00EEEDD5 /* MGTwitterHTTPURLConnection.m in Resources */,
				B6908BC117CBA00A00EEEDD5 /* MGTwitterLibXMLParser.h in Resources */,
				B6908BC217CBA00A00EEEDD5 /* MGTwitterLibXMLParser.m in Resources */,
				B6908BC317CBA00A00EEEDD5 /* MGTwitterMessagesLibXMLParser.h in Resources */,
				B6908BC417CBA00A00EEEDD5 /* MGTwitterMessagesLibXMLParser.m in Resources */,
				B6908BC517CBA00A00EEEDD5 /* MGTwitterMessagesParser.h in Resources */,
				B6908BC617CBA00A00EEEDD5 /* MGTwitterMessagesParser.m in Resources */,
				B6908BC717CBA00A00EEEDD5 /* MGTwitterMiscLibXMLParser.h in Resources */,
				B6908BC817CBA00A00EEEDD5 /* MGTwitterMiscLibXMLParser.m in Resources */,
				B6908BC917CBA00A00EEEDD5 /* MGTwitterMiscParser.h in Resources */,
				B6908BCA17CBA00A00EEEDD5 /* MGTwitterMiscParser.m in Resources */,
				B6908BCB17CBA00A00EEEDD5 /* MGTwitterParserDelegate.h in Resources */,
				B6908BCC17CBA00A00EEEDD5 /* MGTwitterRequestTypes.h in Resources */,
				B6908BCD17CBA00A00EEEDD5 /* MGTwitterStatusesLibXMLParser.h in Resources */,
				B6908BCE17CBA00A00EEEDD5 /* MGTwitterStatusesLibXMLParser.m in Resources */,
				B6908BCF17CBA00A00EEEDD5 /* MGTwitterStatusesParser.h in Resources */,
				B6908BD017CBA00A00EEEDD5 /* MGTwitterStatusesParser.m in Resources */,
				B6908BD117CBA00A00EEEDD5 /* MGTwitterUsersLibXMLParser.h in Resources */,
				B6908BD217CBA00A00EEEDD5 /* MGTwitterUsersLibXMLParser.m in Resources */,
				B6908BD317CBA00A00EEEDD5 /* MGTwitterUsersParser.h in Resources */,
				B6908BD417CBA00A00EEEDD5 /* MGTwitterUsersParser.m in Resources */,
				B6908BD517CBA00A00EEEDD5 /* MGTwitterXMLParser.h in Resources */,
				B6908BD617CBA00A00EEEDD5 /* MGTwitterXMLParser.m in Resources */,
				B6908BD717CBA00A00EEEDD5 /* NSData+Base64.h in Resources */,
				B6908BD817CBA00A00EEEDD5 /* NSData+Base64.m in Resources */,
				B6908BD917CBA00A00EEEDD5 /* NSString+UUID.h in Resources */,
				B6908BBA17CB9FF800EEEDD5 /* NSString+UUID.m in Resources */,
				B6908BB417CB9EEA00EEEDD5 /* SA_OAuthTwitterEngine.h in Resources */,
				B6908BB317CB9EDE00EEEDD5 /* SA_OAuthTwitterController.h in Resources */,
				734D62F317C2507400727888 /* InfoPlist.strings in Resources */,
				734D62FB17C2507400727888 /* Default.png in Resources */,
				734D62FD17C2507400727888 /* Default@2x.png in Resources */,
				734D62FF17C2507400727888 /* Default-568h@2x.png in Resources */,
				73D5764817C4C99900F42D04 /* TSViewController.xib in Resources */,
				73D5764D17C4C9B200F42D04 /* TSMainViewController.xib in Resources */,
				B620CB9017C4CB0100DAAA6D /* TSTimeLineViewController.xib in Resources */,
				B6B1FE9817C66B7700D13F0E /* TSProfileViewController.xib in Resources */,
				B6908BB817CB9FA200EEEDD5 /* twitter_load.png in Resources */,
			);
			runOnlyForDeploymentPostprocessing = 0;
		};
/* End PBXResourcesBuildPhase section */

/* Begin PBXSourcesBuildPhase section */
		734D62E117C2507400727888 /* Sources */ = {
			isa = PBXSourcesBuildPhase;
			buildActionMask = 2147483647;
			files = (
				B6ED8F0417CE590E003E09C2 /* sha1.c in Sources */,
				B6ED8F0317CE58FB003E09C2 /* hmac.c in Sources */,
				B6ED8EF817CE58E8003E09C2 /* MGTwitterLibXMLParser.m in Sources */,
				B6ED8EF917CE58E8003E09C2 /* MGTwitterMessagesLibXMLParser.m in Sources */,
				B6ED8EFA17CE58E8003E09C2 /* MGTwitterMessagesParser.m in Sources */,
				B6ED8EFB17CE58E8003E09C2 /* MGTwitterMiscLibXMLParser.m in Sources */,
				B6ED8EFC17CE58E8003E09C2 /* MGTwitterMiscParser.m in Sources */,
				B6ED8EFD17CE58E8003E09C2 /* MGTwitterStatusesLibXMLParser.m in Sources */,
				B6ED8EFE17CE58E8003E09C2 /* MGTwitterStatusesParser.m in Sources */,
				B6ED8EFF17CE58E8003E09C2 /* MGTwitterUsersLibXMLParser.m in Sources */,
				B6ED8F0017CE58E8003E09C2 /* MGTwitterXMLParser.m in Sources */,
				B6ED8F0117CE58E8003E09C2 /* NSData+Base64.m in Sources */,
				B6ED8F0217CE58E8003E09C2 /* NSString+UUID.m in Sources */,
				B6ED8EF617CE58C6003E09C2 /* NSString+URLEncoding.m in Sources */,
				B6ED8EF717CE58C6003E09C2 /* NSURL+Base.m in Sources */,
				B6ED8EF417CE5839003E09C2 /* MGTwitterUsersParser.m in Sources */,
				B6ED8EF117CE57BC003E09C2 /* MGTwitterHTTPURLConnection.m in Sources */,
				B6ED8EF017CE5797003E09C2 /* MGTwitterEngine.m in Sources */,
				B6ED8EEE17CE5776003E09C2 /* Base64Transcoder.c in Sources */,
				734D62F517C2507400727888 /* main.m in Sources */,
				734D631017C250CE00727888 /* TSAppDelegate.m in Sources */,
				73D5764717C4C99900F42D04 /* TSViewController.m in Sources */,
				73D5764C17C4C9B200F42D04 /* TSMainViewController.m in Sources */,
				B620CB8F17C4CB0100DAAA6D /* TSTimeLineViewController.m in Sources */,
				B6B1FE9717C66B7700D13F0E /* TSProfileViewController.m in Sources */,
				B6908BB617CB9F9B00EEEDD5 /* SA_OAuthTwitterController.m in Sources */,
				B6908BE917CBA04C00EEEDD5 /* SA_OAuthTwitterEngine.m in Sources */,
				B6908BEC17CBA1AB00EEEDD5 /* OAConsumer.m in Sources */,
				B6908BED17CBA1AB00EEEDD5 /* OADataFetcher.m in Sources */,
				B6908BF517CBA1C800EEEDD5 /* OAHMAC_SHA1SignatureProvider.m in Sources */,
				B6908BF617CBA1C800EEEDD5 /* OAMutableURLRequest.m in Sources */,
				B6908BF717CBA1C800EEEDD5 /* OAPlaintextSignatureProvider.m in Sources */,
				B6908BF817CBA1C800EEEDD5 /* OARequestParameter.m in Sources */,
				B6908BF917CBA1C800EEEDD5 /* OAServiceTicket.m in Sources */,
				B6908BFB17CBA1C800EEEDD5 /* OAToken.m in Sources */,
			);
			runOnlyForDeploymentPostprocessing = 0;
		};
/* End PBXSourcesBuildPhase section */

/* Begin PBXVariantGroup section */
		734D62F117C2507400727888 /* InfoPlist.strings */ = {
			isa = PBXVariantGroup;
			children = (
				734D62F217C2507400727888 /* en */,
			);
			name = InfoPlist.strings;
			sourceTree = "<group>";
		};
/* End PBXVariantGroup section */

/* Begin XCBuildConfiguration section */
		734D630617C2507400727888 /* Debug */ = {
			isa = XCBuildConfiguration;
			buildSettings = {
				ALWAYS_SEARCH_USER_PATHS = NO;
				CLANG_CXX_LANGUAGE_STANDARD = "gnu++0x";
				CLANG_CXX_LIBRARY = "libc++";
				CLANG_ENABLE_OBJC_ARC = YES;
				CLANG_WARN_CONSTANT_CONVERSION = YES;
				CLANG_WARN_EMPTY_BODY = YES;
				CLANG_WARN_ENUM_CONVERSION = YES;
				CLANG_WARN_INT_CONVERSION = YES;
				CLANG_WARN__DUPLICATE_METHOD_MATCH = YES;
				"CODE_SIGN_IDENTITY[sdk=iphoneos*]" = "iPhone Developer";
				COPY_PHASE_STRIP = NO;
				GCC_C_LANGUAGE_STANDARD = gnu99;
				GCC_DYNAMIC_NO_PIC = NO;
				GCC_OPTIMIZATION_LEVEL = 0;
				GCC_PREPROCESSOR_DEFINITIONS = (
					"DEBUG=1",
					"$(inherited)",
				);
				GCC_SYMBOLS_PRIVATE_EXTERN = NO;
				GCC_WARN_ABOUT_RETURN_TYPE = YES;
				GCC_WARN_UNINITIALIZED_AUTOS = YES;
				GCC_WARN_UNUSED_VARIABLE = YES;
				"HEADER_SEARCH_PATHS[arch=*]" = "\"$SDKROOT/usr/include/libxml2\"";
				IPHONEOS_DEPLOYMENT_TARGET = 6.1;
				ONLY_ACTIVE_ARCH = YES;
				SDKROOT = iphoneos;
			};
			name = Debug;
		};
		734D630717C2507400727888 /* Release */ = {
			isa = XCBuildConfiguration;
			buildSettings = {
				ALWAYS_SEARCH_USER_PATHS = NO;
				CLANG_CXX_LANGUAGE_STANDARD = "gnu++0x";
				CLANG_CXX_LIBRARY = "libc++";
				CLANG_ENABLE_OBJC_ARC = YES;
				CLANG_WARN_CONSTANT_CONVERSION = YES;
				CLANG_WARN_EMPTY_BODY = YES;
				CLANG_WARN_ENUM_CONVERSION = YES;
				CLANG_WARN_INT_CONVERSION = YES;
				CLANG_WARN__DUPLICATE_METHOD_MATCH = YES;
				"CODE_SIGN_IDENTITY[sdk=iphoneos*]" = "iPhone Developer";
				COPY_PHASE_STRIP = YES;
				GCC_C_LANGUAGE_STANDARD = gnu99;
				GCC_WARN_ABOUT_RETURN_TYPE = YES;
				GCC_WARN_UNINITIALIZED_AUTOS = YES;
				GCC_WARN_UNUSED_VARIABLE = YES;
				IPHONEOS_DEPLOYMENT_TARGET = 6.1;
				OTHER_CFLAGS = "-DNS_BLOCK_ASSERTIONS=1";
				SDKROOT = iphoneos;
				VALIDATE_PRODUCT = YES;
			};
			name = Release;
		};
		734D630917C2507400727888 /* Debug */ = {
			isa = XCBuildConfiguration;
			buildSettings = {
				CLANG_ENABLE_OBJC_ARC = NO;
				GCC_PRECOMPILE_PREFIX_HEADER = YES;
				GCC_PREFIX_HEADER = "TwitterSample/TwitterSample-Prefix.pch";
				INFOPLIST_FILE = "TwitterSample/TwitterSample-Info.plist";
				PRODUCT_NAME = "$(TARGET_NAME)";
				WRAPPER_EXTENSION = app;
			};
			name = Debug;
		};
		734D630A17C2507400727888 /* Release */ = {
			isa = XCBuildConfiguration;
			buildSettings = {
				CLANG_ENABLE_OBJC_ARC = NO;
				GCC_PRECOMPILE_PREFIX_HEADER = YES;
				GCC_PREFIX_HEADER = "TwitterSample/TwitterSample-Prefix.pch";
				INFOPLIST_FILE = "TwitterSample/TwitterSample-Info.plist";
				PRODUCT_NAME = "$(TARGET_NAME)";
				WRAPPER_EXTENSION = app;
			};
			name = Release;
		};
/* End XCBuildConfiguration section */

/* Begin XCConfigurationList section */
		734D62E017C2507400727888 /* Build configuration list for PBXProject "TwitterSample" */ = {
			isa = XCConfigurationList;
			buildConfigurations = (
				734D630617C2507400727888 /* Debug */,
				734D630717C2507400727888 /* Release */,
			);
			defaultConfigurationIsVisible = 0;
			defaultConfigurationName = Release;
		};
		734D630817C2507400727888 /* Build configuration list for PBXNativeTarget "TwitterSample" */ = {
			isa = XCConfigurationList;
			buildConfigurations = (
				734D630917C2507400727888 /* Debug */,
				734D630A17C2507400727888 /* Release */,
			);
			defaultConfigurationIsVisible = 0;
			defaultConfigurationName = Release;
		};
/* End XCConfigurationList section */
	};
	rootObject = 734D62DD17C2507400727888 /* Project object */;
}
